// !$*UTF8*$!
{
	archiveVersion = 1;
	classes = {
	};
	objectVersion = 46;
	objects = {

/* Begin PBXBuildFile section */
		BFDFD7D71D4A2DC000ADD7EF /* AppDelegate.swift in Sources */ = {isa = PBXBuildFile; fileRef = BFDFD7D61D4A2DC000ADD7EF /* AppDelegate.swift */; };
		BFDFD7D91D4A2DC000ADD7EF /* ViewController.swift in Sources */ = {isa = PBXBuildFile; fileRef = BFDFD7D81D4A2DC000ADD7EF /* ViewController.swift */; };
		BFDFD7DC1D4A2DC000ADD7EF /* Main.storyboard in Resources */ = {isa = PBXBuildFile; fileRef = BFDFD7DA1D4A2DC000ADD7EF /* Main.storyboard */; };
		BFDFD7DE1D4A2DC000ADD7EF /* Assets.xcassets in Resources */ = {isa = PBXBuildFile; fileRef = BFDFD7DD1D4A2DC000ADD7EF /* Assets.xcassets */; };
		BFDFD7E11D4A2DC000ADD7EF /* LaunchScreen.storyboard in Resources */ = {isa = PBXBuildFile; fileRef = BFDFD7DF1D4A2DC000ADD7EF /* LaunchScreen.storyboard */; };
		BFDFD7E91D4A2F5400ADD7EF /* Settings.bundle in Resources */ = {isa = PBXBuildFile; fileRef = BFDFD7E81D4A2F5400ADD7EF /* Settings.bundle */; };
/* End PBXBuildFile section */

/* Begin PBXFileReference section */
		BFDFD7D31D4A2DC000ADD7EF /* Example.app */ = {isa = PBXFileReference; explicitFileType = wrapper.application; includeInIndex = 0; path = Example.app; sourceTree = BUILT_PRODUCTS_DIR; };
		BFDFD7D61D4A2DC000ADD7EF /* AppDelegate.swift */ = {isa = PBXFileReference; lastKnownFileType = sourcecode.swift; path = AppDelegate.swift; sourceTree = "<group>"; };
		BFDFD7D81D4A2DC000ADD7EF /* ViewController.swift */ = {isa = PBXFileReference; lastKnownFileType = sourcecode.swift; path = ViewController.swift; sourceTree = "<group>"; };
		BFDFD7DB1D4A2DC000ADD7EF /* Base */ = {isa = PBXFileReference; lastKnownFileType = file.storyboard; name = Base; path = Base.lproj/Main.storyboard; sourceTree = "<group>"; };
		BFDFD7DD1D4A2DC000ADD7EF /* Assets.xcassets */ = {isa = PBXFileReference; lastKnownFileType = folder.assetcatalog; path = Assets.xcassets; sourceTree = "<group>"; };
		BFDFD7E01D4A2DC000ADD7EF /* Base */ = {isa = PBXFileReference; lastKnownFileType = file.storyboard; name = Base; path = Base.lproj/LaunchScreen.storyboard; sourceTree = "<group>"; };
		BFDFD7E21D4A2DC000ADD7EF /* Info.plist */ = {isa = PBXFileReference; lastKnownFileType = text.plist.xml; path = Info.plist; sourceTree = "<group>"; };
		BFDFD7E81D4A2F5400ADD7EF /* Settings.bundle */ = {isa = PBXFileReference; lastKnownFileType = "wrapper.plug-in"; path = Settings.bundle; sourceTree = "<group>"; };
/* End PBXFileReference section */

/* Begin PBXFrameworksBuildPhase section */
		BFDFD7D01D4A2DC000ADD7EF /* Frameworks */ = {
			isa = PBXFrameworksBuildPhase;
			buildActionMask = 2147483647;
			files = (
			);
			runOnlyForDeploymentPostprocessing = 0;
		};
/* End PBXFrameworksBuildPhase section */

/* Begin PBXGroup section */
		BFDFD7CA1D4A2DBF00ADD7EF = {
			isa = PBXGroup;
			children = (
				BFDFD7D51D4A2DC000ADD7EF /* Example */,
				BFDFD7D41D4A2DC000ADD7EF /* Products */,
			);
			sourceTree = "<group>";
		};
		BFDFD7D41D4A2DC000ADD7EF /* Products */ = {
			isa = PBXGroup;
			children = (
				BFDFD7D31D4A2DC000ADD7EF /* Example.app */,
			);
			name = Products;
			sourceTree = "<group>";
		};
		BFDFD7D51D4A2DC000ADD7EF /* Example */ = {
			isa = PBXGroup;
			children = (
				BFDFD7D61D4A2DC000ADD7EF /* AppDelegate.swift */,
				BFDFD7D81D4A2DC000ADD7EF /* ViewController.swift */,
				BFDFD7E81D4A2F5400ADD7EF /* Settings.bundle */,
				BFDFD7DA1D4A2DC000ADD7EF /* Main.storyboard */,
				BFDFD7DD1D4A2DC000ADD7EF /* Assets.xcassets */,
				BFDFD7DF1D4A2DC000ADD7EF /* LaunchScreen.storyboard */,
				BFDFD7E21D4A2DC000ADD7EF /* Info.plist */,
			);
			path = Example;
			sourceTree = "<group>";
		};
/* End PBXGroup section */

/* Begin PBXNativeTarget section */
		BFDFD7D21D4A2DC000ADD7EF /* Example */ = {
			isa = PBXNativeTarget;
			buildConfigurationList = BFDFD7E51D4A2DC000ADD7EF /* Build configuration list for PBXNativeTarget "Example" */;
			buildPhases = (
				BFDFD7CF1D4A2DC000ADD7EF /* Sources */,
				BFDFD7D01D4A2DC000ADD7EF /* Frameworks */,
				BFDFD7D11D4A2DC000ADD7EF /* Resources */,
			);
			buildRules = (
			);
			dependencies = (
			);
			name = Example;
			productName = Example;
			productReference = BFDFD7D31D4A2DC000ADD7EF /* Example.app */;
			productType = "com.apple.product-type.application";
		};
/* End PBXNativeTarget section */

/* Begin PBXProject section */
		BFDFD7CB1D4A2DBF00ADD7EF /* Project object */ = {
			isa = PBXProject;
			attributes = {
				LastSwiftUpdateCheck = 0730;
				LastUpgradeCheck = 0730;
				ORGANIZATIONNAME = "Recruit Lifestyle Co., Ltd.";
				TargetAttributes = {
					BFDFD7D21D4A2DC000ADD7EF = {
						CreatedOnToolsVersion = 7.3.1;
					};
				};
			};
			buildConfigurationList = BFDFD7CE1D4A2DBF00ADD7EF /* Build configuration list for PBXProject "Example" */;
			compatibilityVersion = "Xcode 3.2";
			developmentRegion = English;
			hasScannedForEncodings = 0;
			knownRegions = (
				en,
				Base,
			);
			mainGroup = BFDFD7CA1D4A2DBF00ADD7EF;
			productRefGroup = BFDFD7D41D4A2DC000ADD7EF /* Products */;
			projectDirPath = "";
			projectRoot = "";
			targets = (
				BFDFD7D21D4A2DC000ADD7EF /* Example */,
			);
		};
/* End PBXProject section */

/* Begin PBXResourcesBuildPhase section */
		BFDFD7D11D4A2DC000ADD7EF /* Resources */ = {
			isa = PBXResourcesBuildPhase;
			buildActionMask = 2147483647;
			files = (
				BFDFD7E91D4A2F5400ADD7EF /* Settings.bundle in Resources */,
				BFDFD7E11D4A2DC000ADD7EF /* LaunchScreen.storyboard in Resources */,
				BFDFD7DE1D4A2DC000ADD7EF /* Assets.xcassets in Resources */,
				BFDFD7DC1D4A2DC000ADD7EF /* Main.storyboard in Resources */,
			);
			runOnlyForDeploymentPostprocessing = 0;
		};
/* End PBXResourcesBuildPhase section */

/* Begin PBXSourcesBuildPhase section */
		BFDFD7CF1D4A2DC000ADD7EF /* Sources */ = {
			isa = PBXSourcesBuildPhase;
			buildActionMask = 2147483647;
			files = (
				BFDFD7D91D4A2DC000ADD7EF /* ViewController.swift in Sources */,
				BFDFD7D71D4A2DC000ADD7EF /* AppDelegate.swift in Sources */,
			);
			runOnlyForDeploymentPostprocessing = 0;
		};
/* End PBXSourcesBuildPhase section */

/* Begin PBXVariantGroup section */
		BFDFD7DA1D4A2DC000ADD7EF /* Main.storyboard */ = {
			isa = PBXVariantGroup;
			children = (
				BFDFD7DB1D4A2DC000ADD7EF /* Base */,
			);
			name = Main.storyboard;
			sourceTree = "<group>";
		};
		BFDFD7DF1D4A2DC000ADD7EF /* LaunchScreen.storyboard */ = {
			isa = PBXVariantGroup;
			children = (
				BFDFD7E01D4A2DC000ADD7EF /* Base */,
			);
			name = LaunchScreen.storyboard;
			sourceTree = "<group>";
		};
/* End PBXVariantGroup section */

/* Begin XCBuildConfiguration section */
		BFDFD7E31D4A2DC000ADD7EF /* Debug */ = {
			isa = XCBuildConfiguration;
			buildSettings = {
				ALWAYS_SEARCH_USER_PATHS = NO;
				CLANG_ANALYZER_NONNULL = YES;
				CLANG_CXX_LANGUAGE_STANDARD = "gnu++0x";
				CLANG_CXX_LIBRARY = "libc++";
				CLANG_ENABLE_MODULES = YES;
				CLANG_ENABLE_OBJC_ARC = YES;
				CLANG_WARN_BOOL_CONVERSION = YES;
				CLANG_WARN_CONSTANT_CONVERSION = YES;
				CLANG_WARN_DIRECT_OBJC_ISA_USAGE = YES_ERROR;
				CLANG_WARN_EMPTY_BODY = YES;
				CLANG_WARN_ENUM_CONVERSION = YES;
				CLANG_WARN_INT_CONVERSION = YES;
				CLANG_WARN_OBJC_ROOT_CLASS = YES_ERROR;
				CLANG_WARN_UNREACHABLE_CODE = YES;
				CLANG_WARN__DUPLICATE_METHOD_MATCH = YES;
				"CODE_SIGN_IDENTITY[sdk=iphoneos*]" = "iPhone Developer";
				COPY_PHASE_STRIP = NO;
				DEBUG_INFORMATION_FORMAT = dwarf;
				ENABLE_STRICT_OBJC_MSGSEND = YES;
				ENABLE_TESTABILITY = YES;
				GCC_C_LANGUAGE_STANDARD = gnu99;
				GCC_DYNAMIC_NO_PIC = NO;
				GCC_NO_COMMON_BLOCKS = YES;
				GCC_OPTIMIZATION_LEVEL = 0;
				GCC_PREPROCESSOR_DEFINITIONS = (
					"DEBUG=1",
					"$(inherited)",
				);
				GCC_WARN_64_TO_32_BIT_CONVERSION = YES;
				GCC_WARN_ABOUT_RETURN_TYPE = YES_ERROR;
				GCC_WARN_UNDECLARED_SELECTOR = YES;
				GCC_WARN_UNINITIALIZED_AUTOS = YES_AGGRESSIVE;
				GCC_WARN_UNUSED_FUNCTION = YES;
				GCC_WARN_UNUSED_VARIABLE = YES;
				IPHONEOS_DEPLOYMENT_TARGET = 9.3;
				MTL_ENABLE_DEBUG_INFO = YES;
				ONLY_ACTIVE_ARCH = YES;
				SDKROOT = iphoneos;
				SWIFT_OPTIMIZATION_LEVEL = "-Onone";
				TARGETED_DEVICE_FAMILY = "1,2";
			};
			name = Debug;
		};
		BFDFD7E41D4A2DC000ADD7EF /* Release */ = {
			isa = XCBuildConfiguration;
			buildSettings = {
				ALWAYS_SEARCH_USER_PATHS = NO;
				CLANG_ANALYZER_NONNULL = YES;
				CLANG_CXX_LANGUAGE_STANDARD = "gnu++0x";
				CLANG_CXX_LIBRARY = "libc++";
				CLANG_ENABLE_MODULES = YES;
				CLANG_ENABLE_OBJC_ARC = YES;
				CLANG_WARN_BOOL_CONVERSION = YES;
				CLANG_WARN_CONSTANT_CONVERSION = YES;
				CLANG_WARN_DIRECT_OBJC_ISA_USAGE = YES_ERROR;
				CLANG_WARN_EMPTY_BODY = YES;
				CLANG_WARN_ENUM_CONVERSION = YES;
				CLANG_WARN_INT_CONVERSION = YES;
				CLANG_WARN_OBJC_ROOT_CLASS = YES_ERROR;
				CLANG_WARN_UNREACHABLE_CODE = YES;
				CLANG_WARN__DUPLICATE_METHOD_MATCH = YES;
				"CODE_SIGN_IDENTITY[sdk=iphoneos*]" = "iPhone Developer";
				COPY_PHASE_STRIP = NO;
				DEBUG_INFORMATION_FORMAT = "dwarf-with-dsym";
				ENABLE_NS_ASSERTIONS = NO;
				ENABLE_STRICT_OBJC_MSGSEND = YES;
				GCC_C_LANGUAGE_STANDARD = gnu99;
				GCC_NO_COMMON_BLOCKS = YES;
				GCC_WARN_64_TO_32_BIT_CONVERSION = YES;
				GCC_WARN_ABOUT_RETURN_TYPE = YES_ERROR;
				GCC_WARN_UNDECLARED_SELECTOR = YES;
				GCC_WARN_UNINITIALIZED_AUTOS = YES_AGGRESSIVE;
				GCC_WARN_UNUSED_FUNCTION = YES;
				GCC_WARN_UNUSED_VARIABLE = YES;
				IPHONEOS_DEPLOYMENT_TARGET = 9.3;
				MTL_ENABLE_DEBUG_INFO = NO;
				SDKROOT = iphoneos;
				TARGETED_DEVICE_FAMILY = "1,2";
				VALIDATE_PRODUCT = YES;
			};
			name = Release;
		};
		BFDFD7E61D4A2DC000ADD7EF /* Debug */ = {
			isa = XCBuildConfiguration;
			buildSettings = {
				ASSETCATALOG_COMPILER_APPICON_NAME = AppIcon;
				INFOPLIST_FILE = Example/Info.plist;
				LD_RUNPATH_SEARCH_PATHS = "$(inherited) @executable_path/Frameworks";
				PRODUCT_BUNDLE_IDENTIFIER = "jp.co.recruit-lifestyle.Example";
				PRODUCT_NAME = "$(TARGET_NAME)";
			};
			name = Debug;
		};
		BFDFD7E71D4A2DC000ADD7EF /* Release */ = {
			isa = XCBuildConfiguration;
			buildSettings = {
				ASSETCATALOG_COMPILER_APPICON_NAME = AppIcon;
				INFOPLIST_FILE = Example/Info.plist;
				LD_RUNPATH_SEARCH_PATHS = "$(inherited) @executable_path/Frameworks";
				PRODUCT_BUNDLE_IDENTIFIER = "jp.co.recruit-lifestyle.Example";
				PRODUCT_NAME = "$(TARGET_NAME)";
			};
			name = Release;
		};
/* End XCBuildConfiguration section */

/* Begin XCConfigurationList section */
		BFDFD7CE1D4A2DBF00ADD7EF /* Build configuration list for PBXProject "Example" */ = {
			isa = XCConfigurationList;
			buildConfigurations = (
				BFDFD7E31D4A2DC000ADD7EF /* Debug */,
				BFDFD7E41D4A2DC000ADD7EF /* Release */,
			);
			defaultConfigurationIsVisible = 0;
			defaultConfigurationName = Release;
		};
		BFDFD7E51D4A2DC000ADD7EF /* Build configuration list for PBXNativeTarget "Example" */ = {
			isa = XCConfigurationList;
			buildConfigurations = (
				BFDFD7E61D4A2DC000ADD7EF /* Debug */,
				BFDFD7E71D4A2DC000ADD7EF /* Release */,
			);
			defaultConfigurationIsVisible = 0;
		};
/* End XCConfigurationList section */
	};
	rootObject = BFDFD7CB1D4A2DBF00ADD7EF /* Project object */;
}
